
Microsoft Visual Studio Solution File, Format Version 12.00
# Visual Studio 15
VisualStudioVersion = 15.0.27130.2010
MinimumVisualStudioVersion = 10.0.40219.1
Project("{FAE04EC0-301F-11D3-BF4B-00C04F79EFBC}") = "PUBG-MapChooser", "PUBG-MapChooser\PUBG-MapChooser.csproj", "{BD071F31-F882-4276-A13E-08C3303B8D9C}"
EndProject
Global
	GlobalSection(SolutionConfigurationPlatforms) = preSolution
		Debug|Any CPU = Debug|Any CPU
		Release|Any CPU = Release|Any CPU
	EndGlobalSection
	GlobalSection(ProjectConfigurationPlatforms) = postSolution
		{BD071F31-F882-4276-A13E-08C3303B8D9C}.Debug|Any CPU.ActiveCfg = Debug|Any CPU
		{BD071F31-F882-4276-A13E-08C3303B8D9C}.Debug|Any CPU.Build.0 = Debug|Any CPU
		{BD071F31-F882-4276-A13E-08C3303B8D9C}.Release|Any CPU.ActiveCfg = Release|Any CPU
		{BD071F31-F882-4276-A13E-08C3303B8D9C}.Release|Any CPU.Build.0 = Release|Any CPU
	EndGlobalSection
	GlobalSection(SolutionProperties) = preSolution
		HideSolutionNode = FALSE
	EndGlobalSection
	GlobalSection(ExtensibilityGlobals) = postSolution
		SolutionGuid = {07FC87DF-6155-4382-967F-E35DD0A49645}
	EndGlobalSection
EndGlobal
